
Microsoft Visual Studio Solution File, Format Version 12.00
# Visual Studio Version 16
VisualStudioVersion = 16.0.29306.81
MinimumVisualStudioVersion = 10.0.40219.1
Project("{9A19103F-16F7-4668-BE54-9A1E7A4F7556}") = "DoYouNowThese.DATA", "DoYouNowThese.DATA\DoYouNowThese.DATA.csproj", "{A3815DF6-A97B-4D6F-8ACE-CBA68B7427E1}"
EndProject
Project("{9A19103F-16F7-4668-BE54-9A1E7A4F7556}") = "DoYouNowThese.API", "DoYouNowThese.API\DoYouNowThese.API.csproj", "{9AF9167A-0EC9-4564-ACD5-BF46056F3522}"
EndProject
Project("{9A19103F-16F7-4668-BE54-9A1E7A4F7556}") = "DoYouNowThese.BIZ", "DoYouNowThese.BIZ\DoYouNowThese.BIZ.csproj", "{FF88D21E-3991-49A0-B438-3E1EDA053CB9}"
EndProject
Project("{9A19103F-16F7-4668-BE54-9A1E7A4F7556}") = "DoYouNowThese.CommonModel", "DoYouNowThese.CommonModel\DoYouNowThese.CommonModel.csproj", "{CFB2853D-2E70-40F1-BFC3-789AF4BB76ED}"
EndProject
Project("{9A19103F-16F7-4668-BE54-9A1E7A4F7556}") = "DoYouNowThese.CORE", "DoYouNowThese.CORE\DoYouNowThese.CORE.csproj", "{F7C0DCB9-C760-475A-A252-E1228F08EB4E}"
EndProject
Project("{FAE04EC0-301F-11D3-BF4B-00C04F79EFBC}") = "DoYouNowThese.M.Android", "DoYouNowThese.M\DoYouNowThese.M.Android\DoYouNowThese.M.Android.csproj", "{9CC48EFB-3C82-4D8C-AB27-046A4B0CD21B}"
EndProject
Project("{FAE04EC0-301F-11D3-BF4B-00C04F79EFBC}") = "DoYouNowThese.M.iOS", "DoYouNowThese.M\DoYouNowThese.M.iOS\DoYouNowThese.M.iOS.csproj", "{32F50126-3351-4077-ADFB-F4B401CF102E}"
EndProject
Project("{9A19103F-16F7-4668-BE54-9A1E7A4F7556}") = "DoYouNowThese.M", "DoYouNowThese.M\DoYouNowThese.M\DoYouNowThese.M.csproj", "{276DF46B-1704-494B-B4FC-98FD562B28D3}"
EndProject
Project("{FAE04EC0-301F-11D3-BF4B-00C04F79EFBC}") = "DoYouNowThese.PROVIDER", "DoYouNowThese.PROVIDER\DoYouNowThese.PROVIDER.csproj", "{B8D1EE48-F80B-4CC9-9F03-91CC237D2517}"
EndProject
Project("{FAE04EC0-301F-11D3-BF4B-00C04F79EFBC}") = "DoYouNowThese.UI", "DoYouNowThese.UI\DoYouNowThese.UI.csproj", "{48FD99B7-2A00-4047-8DF0-0AD4186C88C3}"
EndProject
Global
	GlobalSection(SolutionConfigurationPlatforms) = preSolution
		Debug|Any CPU = Debug|Any CPU
		Debug|iPhone = Debug|iPhone
		Debug|iPhoneSimulator = Debug|iPhoneSimulator
		Release|Any CPU = Release|Any CPU
		Release|iPhone = Release|iPhone
		Release|iPhoneSimulator = Release|iPhoneSimulator
	EndGlobalSection
	GlobalSection(ProjectConfigurationPlatforms) = postSolution
		{A3815DF6-A97B-4D6F-8ACE-CBA68B7427E1}.Debug|Any CPU.ActiveCfg = Debug|Any CPU
		{A3815DF6-A97B-4D6F-8ACE-CBA68B7427E1}.Debug|Any CPU.Build.0 = Debug|Any CPU
		{A3815DF6-A97B-4D6F-8ACE-CBA68B7427E1}.Debug|iPhone.ActiveCfg = Debug|Any CPU
		{A3815DF6-A97B-4D6F-8ACE-CBA68B7427E1}.Debug|iPhone.Build.0 = Debug|Any CPU
		{A3815DF6-A97B-4D6F-8ACE-CBA68B7427E1}.Debug|iPhoneSimulator.ActiveCfg = Debug|Any CPU
		{A3815DF6-A97B-4D6F-8ACE-CBA68B7427E1}.Debug|iPhoneSimulator.Build.0 = Debug|Any CPU
		{A3815DF6-A97B-4D6F-8ACE-CBA68B7427E1}.Release|Any CPU.ActiveCfg = Release|Any CPU
		{A3815DF6-A97B-4D6F-8ACE-CBA68B7427E1}.Release|Any CPU.Build.0 = Release|Any CPU
		{A3815DF6-A97B-4D6F-8ACE-CBA68B7427E1}.Release|iPhone.ActiveCfg = Release|Any CPU
		{A3815DF6-A97B-4D6F-8ACE-CBA68B7427E1}.Release|iPhone.Build.0 = Release|Any CPU
		{A3815DF6-A97B-4D6F-8ACE-CBA68B7427E1}.Release|iPhoneSimulator.ActiveCfg = Release|Any CPU
		{A3815DF6-A97B-4D6F-8ACE-CBA68B7427E1}.Release|iPhoneSimulator.Build.0 = Release|Any CPU
		{9AF9167A-0EC9-4564-ACD5-BF46056F3522}.Debug|Any CPU.ActiveCfg = Debug|Any CPU
		{9AF9167A-0EC9-4564-ACD5-BF46056F3522}.Debug|Any CPU.Build.0 = Debug|Any CPU
		{9AF9167A-0EC9-4564-ACD5-BF46056F3522}.Debug|iPhone.ActiveCfg = Debug|Any CPU
		{9AF9167A-0EC9-4564-ACD5-BF46056F3522}.Debug|iPhone.Build.0 = Debug|Any CPU
		{9AF9167A-0EC9-4564-ACD5-BF46056F3522}.Debug|iPhoneSimulator.ActiveCfg = Debug|Any CPU
		{9AF9167A-0EC9-4564-ACD5-BF46056F3522}.Debug|iPhoneSimulator.Build.0 = Debug|Any CPU
		{9AF9167A-0EC9-4564-ACD5-BF46056F3522}.Release|Any CPU.ActiveCfg = Release|Any CPU
		{9AF9167A-0EC9-4564-ACD5-BF46056F3522}.Release|Any CPU.Build.0 = Release|Any CPU
		{9AF9167A-0EC9-4564-ACD5-BF46056F3522}.Release|iPhone.ActiveCfg = Release|Any CPU
		{9AF9167A-0EC9-4564-ACD5-BF46056F3522}.Release|iPhone.Build.0 = Release|Any CPU
		{9AF9167A-0EC9-4564-ACD5-BF46056F3522}.Release|iPhoneSimulator.ActiveCfg = Release|Any CPU
		{9AF9167A-0EC9-4564-ACD5-BF46056F3522}.Release|iPhoneSimulator.Build.0 = Release|Any CPU
		{FF88D21E-3991-49A0-B438-3E1EDA053CB9}.Debug|Any CPU.ActiveCfg = Debug|Any CPU
		{FF88D21E-3991-49A0-B438-3E1EDA053CB9}.Debug|Any CPU.Build.0 = Debug|Any CPU
		{FF88D21E-3991-49A0-B438-3E1EDA053CB9}.Debug|iPhone.ActiveCfg = Debug|Any CPU
		{FF88D21E-3991-49A0-B438-3E1EDA053CB9}.Debug|iPhone.Build.0 = Debug|Any CPU
		{FF88D21E-3991-49A0-B438-3E1EDA053CB9}.Debug|iPhoneSimulator.ActiveCfg = Debug|Any CPU
		{FF88D21E-3991-49A0-B438-3E1EDA053CB9}.Debug|iPhoneSimulator.Build.0 = Debug|Any CPU
		{FF88D21E-3991-49A0-B438-3E1EDA053CB9}.Release|Any CPU.ActiveCfg = Release|Any CPU
		{FF88D21E-3991-49A0-B438-3E1EDA053CB9}.Release|Any CPU.Build.0 = Release|Any CPU
		{FF88D21E-3991-49A0-B438-3E1EDA053CB9}.Release|iPhone.ActiveCfg = Release|Any CPU
		{FF88D21E-3991-49A0-B438-3E1EDA053CB9}.Release|iPhone.Build.0 = Release|Any CPU
		{FF88D21E-3991-49A0-B438-3E1EDA053CB9}.Release|iPhoneSimulator.ActiveCfg = Release|Any CPU
		{FF88D21E-3991-49A0-B438-3E1EDA053CB9}.Release|iPhoneSimulator.Build.0 = Release|Any CPU
		{CFB2853D-2E70-40F1-BFC3-789AF4BB76ED}.Debug|Any CPU.ActiveCfg = Debug|Any CPU
		{CFB2853D-2E70-40F1-BFC3-789AF4BB76ED}.Debug|Any CPU.Build.0 = Debug|Any CPU
		{CFB2853D-2E70-40F1-BFC3-789AF4BB76ED}.Debug|iPhone.ActiveCfg = Debug|Any CPU
		{CFB2853D-2E70-40F1-BFC3-789AF4BB76ED}.Debug|iPhone.Build.0 = Debug|Any CPU
		{CFB2853D-2E70-40F1-BFC3-789AF4BB76ED}.Debug|iPhoneSimulator.ActiveCfg = Debug|Any CPU
		{CFB2853D-2E70-40F1-BFC3-789AF4BB76ED}.Debug|iPhoneSimulator.Build.0 = Debug|Any CPU
		{CFB2853D-2E70-40F1-BFC3-789AF4BB76ED}.Release|Any CPU.ActiveCfg = Release|Any CPU
		{CFB2853D-2E70-40F1-BFC3-789AF4BB76ED}.Release|Any CPU.Build.0 = Release|Any CPU
		{CFB2853D-2E70-40F1-BFC3-789AF4BB76ED}.Release|iPhone.ActiveCfg = Release|Any CPU
		{CFB2853D-2E70-40F1-BFC3-789AF4BB76ED}.Release|iPhone.Build.0 = Release|Any CPU
		{CFB2853D-2E70-40F1-BFC3-789AF4BB76ED}.Release|iPhoneSimulator.ActiveCfg = Release|Any CPU
		{CFB2853D-2E70-40F1-BFC3-789AF4BB76ED}.Release|iPhoneSimulator.Build.0 = Release|Any CPU
		{F7C0DCB9-C760-475A-A252-E1228F08EB4E}.Debug|Any CPU.ActiveCfg = Debug|Any CPU
		{F7C0DCB9-C760-475A-A252-E1228F08EB4E}.Debug|Any CPU.Build.0 = Debug|Any CPU
		{F7C0DCB9-C760-475A-A252-E1228F08EB4E}.Debug|iPhone.ActiveCfg = Debug|Any CPU
		{F7C0DCB9-C760-475A-A252-E1228F08EB4E}.Debug|iPhone.Build.0 = Debug|Any CPU
		{F7C0DCB9-C760-475A-A252-E1228F08EB4E}.Debug|iPhoneSimulator.ActiveCfg = Debug|Any CPU
		{F7C0DCB9-C760-475A-A252-E1228F08EB4E}.Debug|iPhoneSimulator.Build.0 = Debug|Any CPU
		{F7C0DCB9-C760-475A-A252-E1228F08EB4E}.Release|Any CPU.ActiveCfg = Release|Any CPU
		{F7C0DCB9-C760-475A-A252-E1228F08EB4E}.Release|Any CPU.Build.0 = Release|Any CPU
		{F7C0DCB9-C760-475A-A252-E1228F08EB4E}.Release|iPhone.ActiveCfg = Release|Any CPU
		{F7C0DCB9-C760-475A-A252-E1228F08EB4E}.Release|iPhone.Build.0 = Release|Any CPU
		{F7C0DCB9-C760-475A-A252-E1228F08EB4E}.Release|iPhoneSimulator.ActiveCfg = Release|Any CPU
		{F7C0DCB9-C760-475A-A252-E1228F08EB4E}.Release|iPhoneSimulator.Build.0 = Release|Any CPU
		{9CC48EFB-3C82-4D8C-AB27-046A4B0CD21B}.Debug|Any CPU.ActiveCfg = Debug|Any CPU
		{9CC48EFB-3C82-4D8C-AB27-046A4B0CD21B}.Debug|Any CPU.Build.0 = Debug|Any CPU
		{9CC48EFB-3C82-4D8C-AB27-046A4B0CD21B}.Debug|Any CPU.Deploy.0 = Debug|Any CPU
		{9CC48EFB-3C82-4D8C-AB27-046A4B0CD21B}.Debug|iPhone.ActiveCfg = Debug|Any CPU
		{9CC48EFB-3C82-4D8C-AB27-046A4B0CD21B}.Debug|iPhone.Build.0 = Debug|Any CPU
		{9CC48EFB-3C82-4D8C-AB27-046A4B0CD21B}.Debug|iPhone.Deploy.0 = Debug|Any CPU
		{9CC48EFB-3C82-4D8C-AB27-046A4B0CD21B}.Debug|iPhoneSimulator.ActiveCfg = Debug|Any CPU
		{9CC48EFB-3C82-4D8C-AB27-046A4B0CD21B}.Debug|iPhoneSimulator.Build.0 = Debug|Any CPU
		{9CC48EFB-3C82-4D8C-AB27-046A4B0CD21B}.Debug|iPhoneSimulator.Deploy.0 = Debug|Any CPU
		{9CC48EFB-3C82-4D8C-AB27-046A4B0CD21B}.Release|Any CPU.ActiveCfg = Release|Any CPU
		{9CC48EFB-3C82-4D8C-AB27-046A4B0CD21B}.Release|Any CPU.Build.0 = Release|Any CPU
		{9CC48EFB-3C82-4D8C-AB27-046A4B0CD21B}.Release|Any CPU.Deploy.0 = Release|Any CPU
		{9CC48EFB-3C82-4D8C-AB27-046A4B0CD21B}.Release|iPhone.ActiveCfg = Release|Any CPU
		{9CC48EFB-3C82-4D8C-AB27-046A4B0CD21B}.Release|iPhone.Build.0 = Release|Any CPU
		{9CC48EFB-3C82-4D8C-AB27-046A4B0CD21B}.Release|iPhone.Deploy.0 = Release|Any CPU
		{9CC48EFB-3C82-4D8C-AB27-046A4B0CD21B}.Release|iPhoneSimulator.ActiveCfg = Release|Any CPU
		{9CC48EFB-3C82-4D8C-AB27-046A4B0CD21B}.Release|iPhoneSimulator.Build.0 = Release|Any CPU
		{9CC48EFB-3C82-4D8C-AB27-046A4B0CD21B}.Release|iPhoneSimulator.Deploy.0 = Release|Any CPU
		{32F50126-3351-4077-ADFB-F4B401CF102E}.Debug|Any CPU.ActiveCfg = Debug|iPhone
		{32F50126-3351-4077-ADFB-F4B401CF102E}.Debug|iPhone.ActiveCfg = Debug|iPhone
		{32F50126-3351-4077-ADFB-F4B401CF102E}.Debug|iPhone.Build.0 = Debug|iPhone
		{32F50126-3351-4077-ADFB-F4B401CF102E}.Debug|iPhoneSimulator.ActiveCfg = Debug|iPhoneSimulator
		{32F50126-3351-4077-ADFB-F4B401CF102E}.Debug|iPhoneSimulator.Build.0 = Debug|iPhoneSimulator
		{32F50126-3351-4077-ADFB-F4B401CF102E}.Release|Any CPU.ActiveCfg = Release|iPhone
		{32F50126-3351-4077-ADFB-F4B401CF102E}.Release|iPhone.ActiveCfg = Release|iPhone
		{32F50126-3351-4077-ADFB-F4B401CF102E}.Release|iPhone.Build.0 = Release|iPhone
		{32F50126-3351-4077-ADFB-F4B401CF102E}.Release|iPhoneSimulator.ActiveCfg = Release|iPhoneSimulator
		{32F50126-3351-4077-ADFB-F4B401CF102E}.Release|iPhoneSimulator.Build.0 = Release|iPhoneSimulator
		{276DF46B-1704-494B-B4FC-98FD562B28D3}.Debug|Any CPU.ActiveCfg = Debug|Any CPU
		{276DF46B-1704-494B-B4FC-98FD562B28D3}.Debug|Any CPU.Build.0 = Debug|Any CPU
		{276DF46B-1704-494B-B4FC-98FD562B28D3}.Debug|iPhone.ActiveCfg = Debug|Any CPU
		{276DF46B-1704-494B-B4FC-98FD562B28D3}.Debug|iPhone.Build.0 = Debug|Any CPU
		{276DF46B-1704-494B-B4FC-98FD562B28D3}.Debug|iPhoneSimulator.ActiveCfg = Debug|Any CPU
		{276DF46B-1704-494B-B4FC-98FD562B28D3}.Debug|iPhoneSimulator.Build.0 = Debug|Any CPU
		{276DF46B-1704-494B-B4FC-98FD562B28D3}.Release|Any CPU.ActiveCfg = Release|Any CPU
		{276DF46B-1704-494B-B4FC-98FD562B28D3}.Release|Any CPU.Build.0 = Release|Any CPU
		{276DF46B-1704-494B-B4FC-98FD562B28D3}.Release|iPhone.ActiveCfg = Release|Any CPU
		{276DF46B-1704-494B-B4FC-98FD562B28D3}.Release|iPhone.Build.0 = Release|Any CPU
		{276DF46B-1704-494B-B4FC-98FD562B28D3}.Release|iPhoneSimulator.ActiveCfg = Release|Any CPU
		{276DF46B-1704-494B-B4FC-98FD562B28D3}.Release|iPhoneSimulator.Build.0 = Release|Any CPU
		{B8D1EE48-F80B-4CC9-9F03-91CC237D2517}.Debug|Any CPU.ActiveCfg = Debug|Any CPU
		{B8D1EE48-F80B-4CC9-9F03-91CC237D2517}.Debug|Any CPU.Build.0 = Debug|Any CPU
		{B8D1EE48-F80B-4CC9-9F03-91CC237D2517}.Debug|iPhone.ActiveCfg = Debug|Any CPU
		{B8D1EE48-F80B-4CC9-9F03-91CC237D2517}.Debug|iPhone.Build.0 = Debug|Any CPU
		{B8D1EE48-F80B-4CC9-9F03-91CC237D2517}.Debug|iPhoneSimulator.ActiveCfg = Debug|Any CPU
		{B8D1EE48-F80B-4CC9-9F03-91CC237D2517}.Debug|iPhoneSimulator.Build.0 = Debug|Any CPU
		{B8D1EE48-F80B-4CC9-9F03-91CC237D2517}.Release|Any CPU.ActiveCfg = Release|Any CPU
		{B8D1EE48-F80B-4CC9-9F03-91CC237D2517}.Release|Any CPU.Build.0 = Release|Any CPU
		{B8D1EE48-F80B-4CC9-9F03-91CC237D2517}.Release|iPhone.ActiveCfg = Release|Any CPU
		{B8D1EE48-F80B-4CC9-9F03-91CC237D2517}.Release|iPhone.Build.0 = Release|Any CPU
		{B8D1EE48-F80B-4CC9-9F03-91CC237D2517}.Release|iPhoneSimulator.ActiveCfg = Release|Any CPU
		{B8D1EE48-F80B-4CC9-9F03-91CC237D2517}.Release|iPhoneSimulator.Build.0 = Release|Any CPU
		{48FD99B7-2A00-4047-8DF0-0AD4186C88C3}.Debug|Any CPU.ActiveCfg = Debug|Any CPU
		{48FD99B7-2A00-4047-8DF0-0AD4186C88C3}.Debug|Any CPU.Build.0 = Debug|Any CPU
		{48FD99B7-2A00-4047-8DF0-0AD4186C88C3}.Debug|iPhone.ActiveCfg = Debug|Any CPU
		{48FD99B7-2A00-4047-8DF0-0AD4186C88C3}.Debug|iPhone.Build.0 = Debug|Any CPU
		{48FD99B7-2A00-4047-8DF0-0AD4186C88C3}.Debug|iPhoneSimulator.ActiveCfg = Debug|Any CPU
		{48FD99B7-2A00-4047-8DF0-0AD4186C88C3}.Debug|iPhoneSimulator.Build.0 = Debug|Any CPU
		{48FD99B7-2A00-4047-8DF0-0AD4186C88C3}.Release|Any CPU.ActiveCfg = Release|Any CPU
		{48FD99B7-2A00-4047-8DF0-0AD4186C88C3}.Release|Any CPU.Build.0 = Release|Any CPU
		{48FD99B7-2A00-4047-8DF0-0AD4186C88C3}.Release|iPhone.ActiveCfg = Release|Any CPU
		{48FD99B7-2A00-4047-8DF0-0AD4186C88C3}.Release|iPhone.Build.0 = Release|Any CPU
		{48FD99B7-2A00-4047-8DF0-0AD4186C88C3}.Release|iPhoneSimulator.ActiveCfg = Release|Any CPU
		{48FD99B7-2A00-4047-8DF0-0AD4186C88C3}.Release|iPhoneSimulator.Build.0 = Release|Any CPU
	EndGlobalSection
	GlobalSection(SolutionProperties) = preSolution
		HideSolutionNode = FALSE
	EndGlobalSection
	GlobalSection(ExtensibilityGlobals) = postSolution
		SolutionGuid = {C63616EB-EB97-41D0-8CFE-0C60F1BF0BDD}
	EndGlobalSection
EndGlobal
